
Microsoft Visual Studio Solution File, Format Version 12.00
# Visual Studio 15
VisualStudioVersion = 15.0.27130.2003
MinimumVisualStudioVersion = 10.0.40219.1
Project("{E24C65DC-7377-472B-9ABA-BC803B73C61A}") = "SassVsixExtension.Website", "SassVsixExtension.Website\", "{4437F869-B6EE-4FE8-AB78-1CB1E673FBB3}"
	ProjectSection(WebsiteProperties) = preProject
		TargetFrameworkMoniker = ".NETFramework,Version%3Dv4.6.1"
		Debug.AspNetCompiler.VirtualPath = "/localhost_64888"
		Debug.AspNetCompiler.PhysicalPath = "SassVsixExtension.Website\"
		Debug.AspNetCompiler.TargetPath = "PrecompiledWeb\localhost_64888\"
		Debug.AspNetCompiler.Updateable = "true"
		Debug.AspNetCompiler.ForceOverwrite = "true"
		Debug.AspNetCompiler.FixedNames = "false"
		Debug.AspNetCompiler.Debug = "True"
		Release.AspNetCompiler.VirtualPath = "/localhost_64888"
		Release.AspNetCompiler.PhysicalPath = "SassVsixExtension.Website\"
		Release.AspNetCompiler.TargetPath = "PrecompiledWeb\localhost_64888\"
		Release.AspNetCompiler.Updateable = "true"
		Release.AspNetCompiler.ForceOverwrite = "true"
		Release.AspNetCompiler.FixedNames = "false"
		Release.AspNetCompiler.Debug = "False"
		VWDPort = "64888"
		SlnRelativePath = "SassVsixExtension.Website\"
		DefaultWebSiteLanguage = "Visual C#"
	EndProjectSection
EndProject
Global
	GlobalSection(SolutionConfigurationPlatforms) = preSolution
		Debug|Any CPU = Debug|Any CPU
	EndGlobalSection
	GlobalSection(ProjectConfigurationPlatforms) = postSolution
		{4437F869-B6EE-4FE8-AB78-1CB1E673FBB3}.Debug|Any CPU.ActiveCfg = Debug|Any CPU
		{4437F869-B6EE-4FE8-AB78-1CB1E673FBB3}.Debug|Any CPU.Build.0 = Debug|Any CPU
	EndGlobalSection
	GlobalSection(SolutionProperties) = preSolution
		HideSolutionNode = FALSE
	EndGlobalSection
	GlobalSection(ExtensibilityGlobals) = postSolution
		SolutionGuid = {398850EB-51CE-499A-B87F-F39820FC8108}
	EndGlobalSection
EndGlobal
